// !$*UTF8*$!
{
	archiveVersion = 1;
	classes = {
	};
	objectVersion = 46;
	objects = {

/* Begin PBXBuildFile section */
		3B4D550E1B1DEA19007B64A6 /* AppDelegate.swift in Sources */ = {isa = PBXBuildFile; fileRef = 3B4D550D1B1DEA19007B64A6 /* AppDelegate.swift */; };
		3B4D55111B1DEA19007B64A6 /* What_s_the_score.xcdatamodeld in Sources */ = {isa = PBXBuildFile; fileRef = 3B4D550F1B1DEA19007B64A6 /* What_s_the_score.xcdatamodeld */; };
		3B4D55131B1DEA19007B64A6 /* ViewController.swift in Sources */ = {isa = PBXBuildFile; fileRef = 3B4D55121B1DEA19007B64A6 /* ViewController.swift */; };
		3B4D55161B1DEA19007B64A6 /* Main.storyboard in Resources */ = {isa = PBXBuildFile; fileRef = 3B4D55141B1DEA19007B64A6 /* Main.storyboard */; };
		3B4D55181B1DEA19007B64A6 /* Images.xcassets in Resources */ = {isa = PBXBuildFile; fileRef = 3B4D55171B1DEA19007B64A6 /* Images.xcassets */; };
		3B4D551B1B1DEA19007B64A6 /* LaunchScreen.xib in Resources */ = {isa = PBXBuildFile; fileRef = 3B4D55191B1DEA19007B64A6 /* LaunchScreen.xib */; };
		3B4D55271B1DEA1A007B64A6 /* What_s_the_scoreTests.swift in Sources */ = {isa = PBXBuildFile; fileRef = 3B4D55261B1DEA1A007B64A6 /* What_s_the_scoreTests.swift */; };
		3B4D55391B1DEA33007B64A6 /* InterfaceController.swift in Sources */ = {isa = PBXBuildFile; fileRef = 3B4D55381B1DEA33007B64A6 /* InterfaceController.swift */; };
		3B4D553B1B1DEA33007B64A6 /* Images.xcassets in Resources */ = {isa = PBXBuildFile; fileRef = 3B4D553A1B1DEA33007B64A6 /* Images.xcassets */; };
		3B4D553F1B1DEA34007B64A6 /* What's the score WatchKit App.app in Resources */ = {isa = PBXBuildFile; fileRef = 3B4D553E1B1DEA34007B64A6 /* What's the score WatchKit App.app */; };
		3B4D55471B1DEA34007B64A6 /* Interface.storyboard in Resources */ = {isa = PBXBuildFile; fileRef = 3B4D55451B1DEA34007B64A6 /* Interface.storyboard */; };
		3B4D55491B1DEA34007B64A6 /* Images.xcassets in Resources */ = {isa = PBXBuildFile; fileRef = 3B4D55481B1DEA34007B64A6 /* Images.xcassets */; };
		3B4D554C1B1DEA34007B64A6 /* What's the score WatchKit Extension.appex in Embed App Extensions */ = {isa = PBXBuildFile; fileRef = 3B4D55341B1DEA33007B64A6 /* What's the score WatchKit Extension.appex */; settings = {ATTRIBUTES = (RemoveHeadersOnCopy, ); }; };
		3B4D55551B1E8C77007B64A6 /* TeamsScoreInterfaceController.swift in Sources */ = {isa = PBXBuildFile; fileRef = 3B4D55541B1E8C77007B64A6 /* TeamsScoreInterfaceController.swift */; };
		3B4D55571B1E9190007B64A6 /* AwayInterfaceController.swift in Sources */ = {isa = PBXBuildFile; fileRef = 3B4D55561B1E9190007B64A6 /* AwayInterfaceController.swift */; };
/* End PBXBuildFile section */

/* Begin PBXContainerItemProxy section */
		3B4D55211B1DEA1A007B64A6 /* PBXContainerItemProxy */ = {
			isa = PBXContainerItemProxy;
			containerPortal = 3B4D55001B1DEA19007B64A6 /* Project object */;
			proxyType = 1;
			remoteGlobalIDString = 3B4D55071B1DEA19007B64A6;
			remoteInfo = "What's the score";
		};
		3B4D55401B1DEA34007B64A6 /* PBXContainerItemProxy */ = {
			isa = PBXContainerItemProxy;
			containerPortal = 3B4D55001B1DEA19007B64A6 /* Project object */;
			proxyType = 1;
			remoteGlobalIDString = 3B4D553D1B1DEA34007B64A6;
			remoteInfo = "What's the score WatchKit App";
		};
		3B4D554A1B1DEA34007B64A6 /* PBXContainerItemProxy */ = {
			isa = PBXContainerItemProxy;
			containerPortal = 3B4D55001B1DEA19007B64A6 /* Project object */;
			proxyType = 1;
			remoteGlobalIDString = 3B4D55331B1DEA33007B64A6;
			remoteInfo = "What's the score WatchKit Extension";
		};
/* End PBXContainerItemProxy section */

/* Begin PBXCopyFilesBuildPhase section */
		3B4D55531B1DEA34007B64A6 /* Embed App Extensions */ = {
			isa = PBXCopyFilesBuildPhase;
			buildActionMask = 2147483647;
			dstPath = "";
			dstSubfolderSpec = 13;
			files = (
				3B4D554C1B1DEA34007B64A6 /* What's the score WatchKit Extension.appex in Embed App Extensions */,
			);
			name = "Embed App Extensions";
			runOnlyForDeploymentPostprocessing = 0;
		};
/* End PBXCopyFilesBuildPhase section */

/* Begin PBXFileReference section */
		3B4D55081B1DEA19007B64A6 /* What's the score.app */ = {isa = PBXFileReference; explicitFileType = wrapper.application; includeInIndex = 0; path = "What's the score.app"; sourceTree = BUILT_PRODUCTS_DIR; };
		3B4D550C1B1DEA19007B64A6 /* Info.plist */ = {isa = PBXFileReference; lastKnownFileType = text.plist.xml; path = Info.plist; sourceTree = "<group>"; };
		3B4D550D1B1DEA19007B64A6 /* AppDelegate.swift */ = {isa = PBXFileReference; lastKnownFileType = sourcecode.swift; path = AppDelegate.swift; sourceTree = "<group>"; };
		3B4D55101B1DEA19007B64A6 /* What_s_the_score.xcdatamodel */ = {isa = PBXFileReference; lastKnownFileType = wrapper.xcdatamodel; path = What_s_the_score.xcdatamodel; sourceTree = "<group>"; };
		3B4D55121B1DEA19007B64A6 /* ViewController.swift */ = {isa = PBXFileReference; lastKnownFileType = sourcecode.swift; path = ViewController.swift; sourceTree = "<group>"; };
		3B4D55151B1DEA19007B64A6 /* Base */ = {isa = PBXFileReference; lastKnownFileType = file.storyboard; name = Base; path = Base.lproj/Main.storyboard; sourceTree = "<group>"; };
		3B4D55171B1DEA19007B64A6 /* Images.xcassets */ = {isa = PBXFileReference; lastKnownFileType = folder.assetcatalog; path = Images.xcassets; sourceTree = "<group>"; };
		3B4D551A1B1DEA19007B64A6 /* Base */ = {isa = PBXFileReference; lastKnownFileType = file.xib; name = Base; path = Base.lproj/LaunchScreen.xib; sourceTree = "<group>"; };
		3B4D55201B1DEA1A007B64A6 /* What's the scoreTests.xctest */ = {isa = PBXFileReference; explicitFileType = wrapper.cfbundle; includeInIndex = 0; path = "What's the scoreTests.xctest"; sourceTree = BUILT_PRODUCTS_DIR; };
		3B4D55251B1DEA1A007B64A6 /* Info.plist */ = {isa = PBXFileReference; lastKnownFileType = text.plist.xml; path = Info.plist; sourceTree = "<group>"; };
		3B4D55261B1DEA1A007B64A6 /* What_s_the_scoreTests.swift */ = {isa = PBXFileReference; lastKnownFileType = sourcecode.swift; path = What_s_the_scoreTests.swift; sourceTree = "<group>"; };
		3B4D55341B1DEA33007B64A6 /* What's the score WatchKit Extension.appex */ = {isa = PBXFileReference; explicitFileType = "wrapper.app-extension"; includeInIndex = 0; path = "What's the score WatchKit Extension.appex"; sourceTree = BUILT_PRODUCTS_DIR; };
		3B4D55371B1DEA33007B64A6 /* Info.plist */ = {isa = PBXFileReference; lastKnownFileType = text.plist.xml; path = Info.plist; sourceTree = "<group>"; };
		3B4D55381B1DEA33007B64A6 /* InterfaceController.swift */ = {isa = PBXFileReference; lastKnownFileType = sourcecode.swift; path = InterfaceController.swift; sourceTree = "<group>"; };
		3B4D553A1B1DEA33007B64A6 /* Images.xcassets */ = {isa = PBXFileReference; lastKnownFileType = folder.assetcatalog; path = Images.xcassets; sourceTree = "<group>"; };
		3B4D553E1B1DEA34007B64A6 /* What's the score WatchKit App.app */ = {isa = PBXFileReference; explicitFileType = wrapper.application; includeInIndex = 0; path = "What's the score WatchKit App.app"; sourceTree = BUILT_PRODUCTS_DIR; };
		3B4D55441B1DEA34007B64A6 /* Info.plist */ = {isa = PBXFileReference; lastKnownFileType = text.plist.xml; path = Info.plist; sourceTree = "<group>"; };
		3B4D55461B1DEA34007B64A6 /* Base */ = {isa = PBXFileReference; lastKnownFileType = file.storyboard; name = Base; path = Base.lproj/Interface.storyboard; sourceTree = "<group>"; };
		3B4D55481B1DEA34007B64A6 /* Images.xcassets */ = {isa = PBXFileReference; lastKnownFileType = folder.assetcatalog; path = Images.xcassets; sourceTree = "<group>"; };
		3B4D55541B1E8C77007B64A6 /* TeamsScoreInterfaceController.swift */ = {isa = PBXFileReference; fileEncoding = 4; lastKnownFileType = sourcecode.swift; path = TeamsScoreInterfaceController.swift; sourceTree = "<group>"; };
		3B4D55561B1E9190007B64A6 /* AwayInterfaceController.swift */ = {isa = PBXFileReference; fileEncoding = 4; lastKnownFileType = sourcecode.swift; path = AwayInterfaceController.swift; sourceTree = "<group>"; };
/* End PBXFileReference section */

/* Begin PBXFrameworksBuildPhase section */
		3B4D55051B1DEA19007B64A6 /* Frameworks */ = {
			isa = PBXFrameworksBuildPhase;
			buildActionMask = 2147483647;
			files = (
			);
			runOnlyForDeploymentPostprocessing = 0;
		};
		3B4D551D1B1DEA1A007B64A6 /* Frameworks */ = {
			isa = PBXFrameworksBuildPhase;
			buildActionMask = 2147483647;
			files = (
			);
			runOnlyForDeploymentPostprocessing = 0;
		};
		3B4D55311B1DEA33007B64A6 /* Frameworks */ = {
			isa = PBXFrameworksBuildPhase;
			buildActionMask = 2147483647;
			files = (
			);
			runOnlyForDeploymentPostprocessing = 0;
		};
/* End PBXFrameworksBuildPhase section */

/* Begin PBXGroup section */
		3B4D54FF1B1DEA19007B64A6 = {
			isa = PBXGroup;
			children = (
				3B4D550A1B1DEA19007B64A6 /* What's the score */,
				3B4D55231B1DEA1A007B64A6 /* What's the scoreTests */,
				3B4D55351B1DEA33007B64A6 /* What's the score WatchKit Extension */,
				3B4D55421B1DEA34007B64A6 /* What's the score WatchKit App */,
				3B4D55091B1DEA19007B64A6 /* Products */,
			);
			sourceTree = "<group>";
		};
		3B4D55091B1DEA19007B64A6 /* Products */ = {
			isa = PBXGroup;
			children = (
				3B4D55081B1DEA19007B64A6 /* What's the score.app */,
				3B4D55201B1DEA1A007B64A6 /* What's the scoreTests.xctest */,
				3B4D55341B1DEA33007B64A6 /* What's the score WatchKit Extension.appex */,
				3B4D553E1B1DEA34007B64A6 /* What's the score WatchKit App.app */,
			);
			name = Products;
			sourceTree = "<group>";
		};
		3B4D550A1B1DEA19007B64A6 /* What's the score */ = {
			isa = PBXGroup;
			children = (
				3B4D550D1B1DEA19007B64A6 /* AppDelegate.swift */,
				3B4D55121B1DEA19007B64A6 /* ViewController.swift */,
				3B4D55141B1DEA19007B64A6 /* Main.storyboard */,
				3B4D55171B1DEA19007B64A6 /* Images.xcassets */,
				3B4D55191B1DEA19007B64A6 /* LaunchScreen.xib */,
				3B4D550F1B1DEA19007B64A6 /* What_s_the_score.xcdatamodeld */,
				3B4D550B1B1DEA19007B64A6 /* Supporting Files */,
			);
			path = "What's the score";
			sourceTree = "<group>";
		};
		3B4D550B1B1DEA19007B64A6 /* Supporting Files */ = {
			isa = PBXGroup;
			children = (
				3B4D550C1B1DEA19007B64A6 /* Info.plist */,
			);
			name = "Supporting Files";
			sourceTree = "<group>";
		};
		3B4D55231B1DEA1A007B64A6 /* What's the scoreTests */ = {
			isa = PBXGroup;
			children = (
				3B4D55261B1DEA1A007B64A6 /* What_s_the_scoreTests.swift */,
				3B4D55241B1DEA1A007B64A6 /* Supporting Files */,
			);
			path = "What's the scoreTests";
			sourceTree = "<group>";
		};
		3B4D55241B1DEA1A007B64A6 /* Supporting Files */ = {
			isa = PBXGroup;
			children = (
				3B4D55251B1DEA1A007B64A6 /* Info.plist */,
			);
			name = "Supporting Files";
			sourceTree = "<group>";
		};
		3B4D55351B1DEA33007B64A6 /* What's the score WatchKit Extension */ = {
			isa = PBXGroup;
			children = (
				3B4D55381B1DEA33007B64A6 /* InterfaceController.swift */,
				3B4D55541B1E8C77007B64A6 /* TeamsScoreInterfaceController.swift */,
				3B4D55561B1E9190007B64A6 /* AwayInterfaceController.swift */,
				3B4D553A1B1DEA33007B64A6 /* Images.xcassets */,
				3B4D55361B1DEA33007B64A6 /* Supporting Files */,
			);
			path = "What's the score WatchKit Extension";
			sourceTree = "<group>";
		};
		3B4D55361B1DEA33007B64A6 /* Supporting Files */ = {
			isa = PBXGroup;
			children = (
				3B4D55371B1DEA33007B64A6 /* Info.plist */,
			);
			name = "Supporting Files";
			sourceTree = "<group>";
		};
		3B4D55421B1DEA34007B64A6 /* What's the score WatchKit App */ = {
			isa = PBXGroup;
			children = (
				3B4D55451B1DEA34007B64A6 /* Interface.storyboard */,
				3B4D55481B1DEA34007B64A6 /* Images.xcassets */,
				3B4D55431B1DEA34007B64A6 /* Supporting Files */,
			);
			path = "What's the score WatchKit App";
			sourceTree = "<group>";
		};
		3B4D55431B1DEA34007B64A6 /* Supporting Files */ = {
			isa = PBXGroup;
			children = (
				3B4D55441B1DEA34007B64A6 /* Info.plist */,
			);
			name = "Supporting Files";
			sourceTree = "<group>";
		};
/* End PBXGroup section */

/* Begin PBXNativeTarget section */
		3B4D55071B1DEA19007B64A6 /* What's the score */ = {
			isa = PBXNativeTarget;
			buildConfigurationList = 3B4D552A1B1DEA1A007B64A6 /* Build configuration list for PBXNativeTarget "What's the score" */;
			buildPhases = (
				3B4D55041B1DEA19007B64A6 /* Sources */,
				3B4D55051B1DEA19007B64A6 /* Frameworks */,
				3B4D55061B1DEA19007B64A6 /* Resources */,
				3B4D55531B1DEA34007B64A6 /* Embed App Extensions */,
			);
			buildRules = (
			);
			dependencies = (
				3B4D554B1B1DEA34007B64A6 /* PBXTargetDependency */,
			);
			name = "What's the score";
			productName = "What's the score";
			productReference = 3B4D55081B1DEA19007B64A6 /* What's the score.app */;
			productType = "com.apple.product-type.application";
		};
		3B4D551F1B1DEA1A007B64A6 /* What's the scoreTests */ = {
			isa = PBXNativeTarget;
			buildConfigurationList = 3B4D552D1B1DEA1A007B64A6 /* Build configuration list for PBXNativeTarget "What's the scoreTests" */;
			buildPhases = (
				3B4D551C1B1DEA1A007B64A6 /* Sources */,
				3B4D551D1B1DEA1A007B64A6 /* Frameworks */,
				3B4D551E1B1DEA1A007B64A6 /* Resources */,
			);
			buildRules = (
			);
			dependencies = (
				3B4D55221B1DEA1A007B64A6 /* PBXTargetDependency */,
			);
			name = "What's the scoreTests";
			productName = "What's the scoreTests";
			productReference = 3B4D55201B1DEA1A007B64A6 /* What's the scoreTests.xctest */;
			productType = "com.apple.product-type.bundle.unit-test";
		};
		3B4D55331B1DEA33007B64A6 /* What's the score WatchKit Extension */ = {
			isa = PBXNativeTarget;
			buildConfigurationList = 3B4D55501B1DEA34007B64A6 /* Build configuration list for PBXNativeTarget "What's the score WatchKit Extension" */;
			buildPhases = (
				3B4D55301B1DEA33007B64A6 /* Sources */,
				3B4D55311B1DEA33007B64A6 /* Frameworks */,
				3B4D55321B1DEA33007B64A6 /* Resources */,
			);
			buildRules = (
			);
			dependencies = (
				3B4D55411B1DEA34007B64A6 /* PBXTargetDependency */,
			);
			name = "What's the score WatchKit Extension";
			productName = "What's the score WatchKit Extension";
			productReference = 3B4D55341B1DEA33007B64A6 /* What's the score WatchKit Extension.appex */;
			productType = "com.apple.product-type.watchkit-extension";
		};
		3B4D553D1B1DEA34007B64A6 /* What's the score WatchKit App */ = {
			isa = PBXNativeTarget;
			buildConfigurationList = 3B4D554D1B1DEA34007B64A6 /* Build configuration list for PBXNativeTarget "What's the score WatchKit App" */;
			buildPhases = (
				3B4D553C1B1DEA34007B64A6 /* Resources */,
			);
			buildRules = (
			);
			dependencies = (
			);
			name = "What's the score WatchKit App";
			productName = "What's the score WatchKit App";
			productReference = 3B4D553E1B1DEA34007B64A6 /* What's the score WatchKit App.app */;
			productType = "com.apple.product-type.application.watchapp";
		};
/* End PBXNativeTarget section */

/* Begin PBXProject section */
		3B4D55001B1DEA19007B64A6 /* Project object */ = {
			isa = PBXProject;
			attributes = {
				LastUpgradeCheck = 0630;
				ORGANIZATIONNAME = "Jay Ang";
				TargetAttributes = {
					3B4D55071B1DEA19007B64A6 = {
						CreatedOnToolsVersion = 6.3.1;
					};
					3B4D551F1B1DEA1A007B64A6 = {
						CreatedOnToolsVersion = 6.3.1;
						TestTargetID = 3B4D55071B1DEA19007B64A6;
					};
					3B4D55331B1DEA33007B64A6 = {
						CreatedOnToolsVersion = 6.3.1;
					};
					3B4D553D1B1DEA34007B64A6 = {
						CreatedOnToolsVersion = 6.3.1;
					};
				};
			};
			buildConfigurationList = 3B4D55031B1DEA19007B64A6 /* Build configuration list for PBXProject "What's the score" */;
			compatibilityVersion = "Xcode 3.2";
			developmentRegion = English;
			hasScannedForEncodings = 0;
			knownRegions = (
				en,
				Base,
			);
			mainGroup = 3B4D54FF1B1DEA19007B64A6;
			productRefGroup = 3B4D55091B1DEA19007B64A6 /* Products */;
			projectDirPath = "";
			projectRoot = "";
			targets = (
				3B4D55071B1DEA19007B64A6 /* What's the score */,
				3B4D551F1B1DEA1A007B64A6 /* What's the scoreTests */,
				3B4D55331B1DEA33007B64A6 /* What's the score WatchKit Extension */,
				3B4D553D1B1DEA34007B64A6 /* What's the score WatchKit App */,
			);
		};
/* End PBXProject section */

/* Begin PBXResourcesBuildPhase section */
		3B4D55061B1DEA19007B64A6 /* Resources */ = {
			isa = PBXResourcesBuildPhase;
			buildActionMask = 2147483647;
			files = (
				3B4D55161B1DEA19007B64A6 /* Main.storyboard in Resources */,
				3B4D551B1B1DEA19007B64A6 /* LaunchScreen.xib in Resources */,
				3B4D55181B1DEA19007B64A6 /* Images.xcassets in Resources */,
			);
			runOnlyForDeploymentPostprocessing = 0;
		};
		3B4D551E1B1DEA1A007B64A6 /* Resources */ = {
			isa = PBXResourcesBuildPhase;
			buildActionMask = 2147483647;
			files = (
			);
			runOnlyForDeploymentPostprocessing = 0;
		};
		3B4D55321B1DEA33007B64A6 /* Resources */ = {
			isa = PBXResourcesBuildPhase;
			buildActionMask = 2147483647;
			files = (
				3B4D553B1B1DEA33007B64A6 /* Images.xcassets in Resources */,
				3B4D553F1B1DEA34007B64A6 /* What's the score WatchKit App.app in Resources */,
			);
			runOnlyForDeploymentPostprocessing = 0;
		};
		3B4D553C1B1DEA34007B64A6 /* Resources */ = {
			isa = PBXResourcesBuildPhase;
			buildActionMask = 2147483647;
			files = (
				3B4D55471B1DEA34007B64A6 /* Interface.storyboard in Resources */,
				3B4D55491B1DEA34007B64A6 /* Images.xcassets in Resources */,
			);
			runOnlyForDeploymentPostprocessing = 0;
		};
/* End PBXResourcesBuildPhase section */

/* Begin PBXSourcesBuildPhase section */
		3B4D55041B1DEA19007B64A6 /* Sources */ = {
			isa = PBXSourcesBuildPhase;
			buildActionMask = 2147483647;
			files = (
				3B4D55131B1DEA19007B64A6 /* ViewController.swift in Sources */,
				3B4D55111B1DEA19007B64A6 /* What_s_the_score.xcdatamodeld in Sources */,
				3B4D550E1B1DEA19007B64A6 /* AppDelegate.swift in Sources */,
			);
			runOnlyForDeploymentPostprocessing = 0;
		};
		3B4D551C1B1DEA1A007B64A6 /* Sources */ = {
			isa = PBXSourcesBuildPhase;
			buildActionMask = 2147483647;
			files = (
				3B4D55271B1DEA1A007B64A6 /* What_s_the_scoreTests.swift in Sources */,
			);
			runOnlyForDeploymentPostprocessing = 0;
		};
		3B4D55301B1DEA33007B64A6 /* Sources */ = {
			isa = PBXSourcesBuildPhase;
			buildActionMask = 2147483647;
			files = (
				3B4D55391B1DEA33007B64A6 /* InterfaceController.swift in Sources */,
				3B4D55571B1E9190007B64A6 /* AwayInterfaceController.swift in Sources */,
				3B4D55551B1E8C77007B64A6 /* TeamsScoreInterfaceController.swift in Sources */,
			);
			runOnlyForDeploymentPostprocessing = 0;
		};
/* End PBXSourcesBuildPhase section */

/* Begin PBXTargetDependency section */
		3B4D55221B1DEA1A007B64A6 /* PBXTargetDependency */ = {
			isa = PBXTargetDependency;
			target = 3B4D55071B1DEA19007B64A6 /* What's the score */;
			targetProxy = 3B4D55211B1DEA1A007B64A6 /* PBXContainerItemProxy */;
		};
		3B4D55411B1DEA34007B64A6 /* PBXTargetDependency */ = {
			isa = PBXTargetDependency;
			target = 3B4D553D1B1DEA34007B64A6 /* What's the score WatchKit App */;
			targetProxy = 3B4D55401B1DEA34007B64A6 /* PBXContainerItemProxy */;
		};
		3B4D554B1B1DEA34007B64A6 /* PBXTargetDependency */ = {
			isa = PBXTargetDependency;
			target = 3B4D55331B1DEA33007B64A6 /* What's the score WatchKit Extension */;
			targetProxy = 3B4D554A1B1DEA34007B64A6 /* PBXContainerItemProxy */;
		};
/* End PBXTargetDependency section */

/* Begin PBXVariantGroup section */
		3B4D55141B1DEA19007B64A6 /* Main.storyboard */ = {
			isa = PBXVariantGroup;
			children = (
				3B4D55151B1DEA19007B64A6 /* Base */,
			);
			name = Main.storyboard;
			sourceTree = "<group>";
		};
		3B4D55191B1DEA19007B64A6 /* LaunchScreen.xib */ = {
			isa = PBXVariantGroup;
			children = (
				3B4D551A1B1DEA19007B64A6 /* Base */,
			);
			name = LaunchScreen.xib;
			sourceTree = "<group>";
		};
		3B4D55451B1DEA34007B64A6 /* Interface.storyboard */ = {
			isa = PBXVariantGroup;
			children = (
				3B4D55461B1DEA34007B64A6 /* Base */,
			);
			name = Interface.storyboard;
			sourceTree = "<group>";
		};
/* End PBXVariantGroup section */

/* Begin XCBuildConfiguration section */
		3B4D55281B1DEA1A007B64A6 /* Debug */ = {
			isa = XCBuildConfiguration;
			buildSettings = {
				ALWAYS_SEARCH_USER_PATHS = NO;
				CLANG_CXX_LANGUAGE_STANDARD = "gnu++0x";
				CLANG_CXX_LIBRARY = "libc++";
				CLANG_ENABLE_MODULES = YES;
				CLANG_ENABLE_OBJC_ARC = YES;
				CLANG_WARN_BOOL_CONVERSION = YES;
				CLANG_WARN_CONSTANT_CONVERSION = YES;
				CLANG_WARN_DIRECT_OBJC_ISA_USAGE = YES_ERROR;
				CLANG_WARN_EMPTY_BODY = YES;
				CLANG_WARN_ENUM_CONVERSION = YES;
				CLANG_WARN_INT_CONVERSION = YES;
				CLANG_WARN_OBJC_ROOT_CLASS = YES_ERROR;
				CLANG_WARN_UNREACHABLE_CODE = YES;
				CLANG_WARN__DUPLICATE_METHOD_MATCH = YES;
				"CODE_SIGN_IDENTITY[sdk=iphoneos*]" = "iPhone Developer";
				COPY_PHASE_STRIP = NO;
				DEBUG_INFORMATION_FORMAT = "dwarf-with-dsym";
				ENABLE_STRICT_OBJC_MSGSEND = YES;
				GCC_C_LANGUAGE_STANDARD = gnu99;
				GCC_DYNAMIC_NO_PIC = NO;
				GCC_NO_COMMON_BLOCKS = YES;
				GCC_OPTIMIZATION_LEVEL = 0;
				GCC_PREPROCESSOR_DEFINITIONS = (
					"DEBUG=1",
					"$(inherited)",
				);
				GCC_SYMBOLS_PRIVATE_EXTERN = NO;
				GCC_WARN_64_TO_32_BIT_CONVERSION = YES;
				GCC_WARN_ABOUT_RETURN_TYPE = YES_ERROR;
				GCC_WARN_UNDECLARED_SELECTOR = YES;
				GCC_WARN_UNINITIALIZED_AUTOS = YES_AGGRESSIVE;
				GCC_WARN_UNUSED_FUNCTION = YES;
				GCC_WARN_UNUSED_VARIABLE = YES;
				IPHONEOS_DEPLOYMENT_TARGET = 8.3;
				MTL_ENABLE_DEBUG_INFO = YES;
				ONLY_ACTIVE_ARCH = YES;
				SDKROOT = iphoneos;
				SWIFT_OPTIMIZATION_LEVEL = "-Onone";
			};
			name = Debug;
		};
		3B4D55291B1DEA1A007B64A6 /* Release */ = {
			isa = XCBuildConfiguration;
			buildSettings = {
				ALWAYS_SEARCH_USER_PATHS = NO;
				CLANG_CXX_LANGUAGE_STANDARD = "gnu++0x";
				CLANG_CXX_LIBRARY = "libc++";
				CLANG_ENABLE_MODULES = YES;
				CLANG_ENABLE_OBJC_ARC = YES;
				CLANG_WARN_BOOL_CONVERSION = YES;
				CLANG_WARN_CONSTANT_CONVERSION = YES;
				CLANG_WARN_DIRECT_OBJC_ISA_USAGE = YES_ERROR;
				CLANG_WARN_EMPTY_BODY = YES;
				CLANG_WARN_ENUM_CONVERSION = YES;
				CLANG_WARN_INT_CONVERSION = YES;
				CLANG_WARN_OBJC_ROOT_CLASS = YES_ERROR;
				CLANG_WARN_UNREACHABLE_CODE = YES;
				CLANG_WARN__DUPLICATE_METHOD_MATCH = YES;
				"CODE_SIGN_IDENTITY[sdk=iphoneos*]" = "iPhone Developer";
				COPY_PHASE_STRIP = NO;
				DEBUG_INFORMATION_FORMAT = "dwarf-with-dsym";
				ENABLE_NS_ASSERTIONS = NO;
				ENABLE_STRICT_OBJC_MSGSEND = YES;
				GCC_C_LANGUAGE_STANDARD = gnu99;
				GCC_NO_COMMON_BLOCKS = YES;
				GCC_WARN_64_TO_32_BIT_CONVERSION = YES;
				GCC_WARN_ABOUT_RETURN_TYPE = YES_ERROR;
				GCC_WARN_UNDECLARED_SELECTOR = YES;
				GCC_WARN_UNINITIALIZED_AUTOS = YES_AGGRESSIVE;
				GCC_WARN_UNUSED_FUNCTION = YES;
				GCC_WARN_UNUSED_VARIABLE = YES;
				IPHONEOS_DEPLOYMENT_TARGET = 8.3;
				MTL_ENABLE_DEBUG_INFO = NO;
				SDKROOT = iphoneos;
				VALIDATE_PRODUCT = YES;
			};
			name = Release;
		};
		3B4D552B1B1DEA1A007B64A6 /* Debug */ = {
			isa = XCBuildConfiguration;
			buildSettings = {
				ASSETCATALOG_COMPILER_APPICON_NAME = AppIcon;
				INFOPLIST_FILE = "What's the score/Info.plist";
				LD_RUNPATH_SEARCH_PATHS = "$(inherited) @executable_path/Frameworks";
				PRODUCT_NAME = "$(TARGET_NAME)";
			};
			name = Debug;
		};
		3B4D552C1B1DEA1A007B64A6 /* Release */ = {
			isa = XCBuildConfiguration;
			buildSettings = {
				ASSETCATALOG_COMPILER_APPICON_NAME = AppIcon;
				INFOPLIST_FILE = "What's the score/Info.plist";
				LD_RUNPATH_SEARCH_PATHS = "$(inherited) @executable_path/Frameworks";
				PRODUCT_NAME = "$(TARGET_NAME)";
			};
			name = Release;
		};
		3B4D552E1B1DEA1A007B64A6 /* Debug */ = {
			isa = XCBuildConfiguration;
			buildSettings = {
				BUNDLE_LOADER = "$(TEST_HOST)";
				FRAMEWORK_SEARCH_PATHS = (
					"$(SDKROOT)/Developer/Library/Frameworks",
					"$(inherited)",
				);
				GCC_PREPROCESSOR_DEFINITIONS = (
					"DEBUG=1",
					"$(inherited)",
				);
				INFOPLIST_FILE = "What's the scoreTests/Info.plist";
				LD_RUNPATH_SEARCH_PATHS = "$(inherited) @executable_path/Frameworks @loader_path/Frameworks";
				PRODUCT_NAME = "$(TARGET_NAME)";
				TEST_HOST = "$(BUILT_PRODUCTS_DIR)/What's the score.app/What's the score";
			};
			name = Debug;
		};
		3B4D552F1B1DEA1A007B64A6 /* Release */ = {
			isa = XCBuildConfiguration;
			buildSettings = {
				BUNDLE_LOADER = "$(TEST_HOST)";
				FRAMEWORK_SEARCH_PATHS = (
					"$(SDKROOT)/Developer/Library/Frameworks",
					"$(inherited)",
				);
				INFOPLIST_FILE = "What's the scoreTests/Info.plist";
				LD_RUNPATH_SEARCH_PATHS = "$(inherited) @executable_path/Frameworks @loader_path/Frameworks";
				PRODUCT_NAME = "$(TARGET_NAME)";
				TEST_HOST = "$(BUILT_PRODUCTS_DIR)/What's the score.app/What's the score";
			};
			name = Release;
		};
		3B4D554E1B1DEA34007B64A6 /* Debug */ = {
			isa = XCBuildConfiguration;
			buildSettings = {
				ASSETCATALOG_COMPILER_APPICON_NAME = AppIcon;
				GCC_PREPROCESSOR_DEFINITIONS = (
					"DEBUG=1",
					"$(inherited)",
				);
				IBSC_MODULE = What_s_the_score_WatchKit_Extension;
				INFOPLIST_FILE = "What's the score WatchKit App/Info.plist";
				IPHONEOS_DEPLOYMENT_TARGET = 8.2;
				PRODUCT_NAME = "$(TARGET_NAME)";
				SKIP_INSTALL = YES;
				TARGETED_DEVICE_FAMILY = 4;
				"TARGETED_DEVICE_FAMILY[sdk=iphonesimulator*]" = "1,4";
			};
			name = Debug;
		};
		3B4D554F1B1DEA34007B64A6 /* Release */ = {
			isa = XCBuildConfiguration;
			buildSettings = {
				ASSETCATALOG_COMPILER_APPICON_NAME = AppIcon;
				IBSC_MODULE = What_s_the_score_WatchKit_Extension;
				INFOPLIST_FILE = "What's the score WatchKit App/Info.plist";
				IPHONEOS_DEPLOYMENT_TARGET = 8.2;
				PRODUCT_NAME = "$(TARGET_NAME)";
				SKIP_INSTALL = YES;
				TARGETED_DEVICE_FAMILY = 4;
				"TARGETED_DEVICE_FAMILY[sdk=iphonesimulator*]" = "1,4";
			};
			name = Release;
		};
		3B4D55511B1DEA34007B64A6 /* Debug */ = {
			isa = XCBuildConfiguration;
			buildSettings = {
				GCC_PREPROCESSOR_DEFINITIONS = (
					"DEBUG=1",
					"$(inherited)",
				);
				INFOPLIST_FILE = "What's the score WatchKit Extension/Info.plist";
				LD_RUNPATH_SEARCH_PATHS = "$(inherited) @executable_path/Frameworks @executable_path/../../Frameworks";
				PRODUCT_NAME = "${TARGET_NAME}";
				SKIP_INSTALL = YES;
			};
			name = Debug;
		};
		3B4D55521B1DEA34007B64A6 /* Release */ = {
			isa = XCBuildConfiguration;
			buildSettings = {
				INFOPLIST_FILE = "What's the score WatchKit Extension/Info.plist";
				LD_RUNPATH_SEARCH_PATHS = "$(inherited) @executable_path/Frameworks @executable_path/../../Frameworks";
				PRODUCT_NAME = "${TARGET_NAME}";
				SKIP_INSTALL = YES;
			};
			name = Release;
		};
/* End XCBuildConfiguration section */

/* Begin XCConfigurationList section */
		3B4D55031B1DEA19007B64A6 /* Build configuration list for PBXProject "What's the score" */ = {
			isa = XCConfigurationList;
			buildConfigurations = (
				3B4D55281B1DEA1A007B64A6 /* Debug */,
				3B4D55291B1DEA1A007B64A6 /* Release */,
			);
			defaultConfigurationIsVisible = 0;
			defaultConfigurationName = Release;
		};
		3B4D552A1B1DEA1A007B64A6 /* Build configuration list for PBXNativeTarget "What's the score" */ = {
			isa = XCConfigurationList;
			buildConfigurations = (
				3B4D552B1B1DEA1A007B64A6 /* Debug */,
				3B4D552C1B1DEA1A007B64A6 /* Release */,
			);
			defaultConfigurationIsVisible = 0;
		};
		3B4D552D1B1DEA1A007B64A6 /* Build configuration list for PBXNativeTarget "What's the scoreTests" */ = {
			isa = XCConfigurationList;
			buildConfigurations = (
				3B4D552E1B1DEA1A007B64A6 /* Debug */,
				3B4D552F1B1DEA1A007B64A6 /* Release */,
			);
			defaultConfigurationIsVisible = 0;
		};
		3B4D554D1B1DEA34007B64A6 /* Build configuration list for PBXNativeTarget "What's the score WatchKit App" */ = {
			isa = XCConfigurationList;
			buildConfigurations = (
				3B4D554E1B1DEA34007B64A6 /* Debug */,
				3B4D554F1B1DEA34007B64A6 /* Release */,
			);
			defaultConfigurationIsVisible = 0;
		};
		3B4D55501B1DEA34007B64A6 /* Build configuration list for PBXNativeTarget "What's the score WatchKit Extension" */ = {
			isa = XCConfigurationList;
			buildConfigurations = (
				3B4D55511B1DEA34007B64A6 /* Debug */,
				3B4D55521B1DEA34007B64A6 /* Release */,
			);
			defaultConfigurationIsVisible = 0;
		};
/* End XCConfigurationList section */

/* Begin XCVersionGroup section */
		3B4D550F1B1DEA19007B64A6 /* What_s_the_score.xcdatamodeld */ = {
			isa = XCVersionGroup;
			children = (
				3B4D55101B1DEA19007B64A6 /* What_s_the_score.xcdatamodel */,
			);
			currentVersion = 3B4D55101B1DEA19007B64A6 /* What_s_the_score.xcdatamodel */;
			path = What_s_the_score.xcdatamodeld;
			sourceTree = "<group>";
			versionGroupType = wrapper.xcdatamodel;
		};
/* End XCVersionGroup section */
	};
	rootObject = 3B4D55001B1DEA19007B64A6 /* Project object */;
}
